
Microsoft Visual Studio Solution File, Format Version 12.00
# Visual Studio Version 17
VisualStudioVersion = 17.4.33205.214
MinimumVisualStudioVersion = 10.0.40219.1
Project("{FAE04EC0-301F-11D3-BF4B-00C04F79EFBC}") = "Commentus_web", "Commentus_web\Commentus_web.csproj", "{294E99F3-DFA6-4CF1-9403-0C48B41678B4}"
EndProject
Global
	GlobalSection(SolutionConfigurationPlatforms) = preSolution
		Debug|Any CPU = Debug|Any CPU
		Release|Any CPU = Release|Any CPU
	EndGlobalSection
	GlobalSection(ProjectConfigurationPlatforms) = postSolution
		{294E99F3-DFA6-4CF1-9403-0C48B41678B4}.Debug|Any CPU.ActiveCfg = Debug|Any CPU
		{294E99F3-DFA6-4CF1-9403-0C48B41678B4}.Debug|Any CPU.Build.0 = Debug|Any CPU
		{294E99F3-DFA6-4CF1-9403-0C48B41678B4}.Release|Any CPU.ActiveCfg = Release|Any CPU
		{294E99F3-DFA6-4CF1-9403-0C48B41678B4}.Release|Any CPU.Build.0 = Release|Any CPU
	EndGlobalSection
	GlobalSection(SolutionProperties) = preSolution
		HideSolutionNode = FALSE
	EndGlobalSection
	GlobalSection(ExtensibilityGlobals) = postSolution
		SolutionGuid = {69ECC24C-54E4-4188-BB4A-BF018BE82ED5}
	EndGlobalSection
EndGlobal
